// !$*UTF8*$!
{
	archiveVersion = 1;
	classes = {
	};
	objectVersion = 50;
	objects = {

/* Begin PBXBuildFile section */
		BE0A776220CFDFC9002372DE /* AppDelegate.swift in Sources */ = {isa = PBXBuildFile; fileRef = BE0A776120CFDFC9002372DE /* AppDelegate.swift */; };
		BE0A776420CFDFC9002372DE /* MessagesViewController.swift in Sources */ = {isa = PBXBuildFile; fileRef = BE0A776320CFDFC9002372DE /* MessagesViewController.swift */; };
		BE0A776720CFDFC9002372DE /* Main.storyboard in Resources */ = {isa = PBXBuildFile; fileRef = BE0A776520CFDFC9002372DE /* Main.storyboard */; };
		BE0A776920CFDFCB002372DE /* Assets.xcassets in Resources */ = {isa = PBXBuildFile; fileRef = BE0A776820CFDFCB002372DE /* Assets.xcassets */; };
		BE0A776C20CFDFCB002372DE /* LaunchScreen.storyboard in Resources */ = {isa = PBXBuildFile; fileRef = BE0A776A20CFDFCB002372DE /* LaunchScreen.storyboard */; };
		BE0A777420D038FD002372DE /* LoginViewController.swift in Sources */ = {isa = PBXBuildFile; fileRef = BE0A777320D038FD002372DE /* LoginViewController.swift */; };
		BE22587E20D24C600094AE49 /* GoogleService-Info.plist in Resources */ = {isa = PBXBuildFile; fileRef = BE22587D20D24C600094AE49 /* GoogleService-Info.plist */; };
		BE4FD64B20D6A20F00FF4500 /* NewMessageController.swift in Sources */ = {isa = PBXBuildFile; fileRef = BE4FD64A20D6A20F00FF4500 /* NewMessageController.swift */; };
		BE4FD64D20D6CF4800FF4500 /* User.swift in Sources */ = {isa = PBXBuildFile; fileRef = BE4FD64C20D6CF4800FF4500 /* User.swift */; };
		BE4FD65320D8143B00FF4500 /* Extensions.swift in Sources */ = {isa = PBXBuildFile; fileRef = BE4FD65220D8143B00FF4500 /* Extensions.swift */; };
		C717ABAF669ACA081EF67E8B /* Pods_Treedo.framework in Frameworks */ = {isa = PBXBuildFile; fileRef = 66E7ABD758109DAC12703951 /* Pods_Treedo.framework */; };
/* End PBXBuildFile section */

/* Begin PBXFileReference section */
		1E61CAECB39984D9A1827F56 /* Pods-Treedo.debug.xcconfig */ = {isa = PBXFileReference; includeInIndex = 1; lastKnownFileType = text.xcconfig; name = "Pods-Treedo.debug.xcconfig"; path = "Pods/Target Support Files/Pods-Treedo/Pods-Treedo.debug.xcconfig"; sourceTree = "<group>"; };
		66E7ABD758109DAC12703951 /* Pods_Treedo.framework */ = {isa = PBXFileReference; explicitFileType = wrapper.framework; includeInIndex = 0; path = Pods_Treedo.framework; sourceTree = BUILT_PRODUCTS_DIR; };
		A04F5E4E55CC443075102075 /* Pods-Treedo.release.xcconfig */ = {isa = PBXFileReference; includeInIndex = 1; lastKnownFileType = text.xcconfig; name = "Pods-Treedo.release.xcconfig"; path = "Pods/Target Support Files/Pods-Treedo/Pods-Treedo.release.xcconfig"; sourceTree = "<group>"; };
		BE0A775E20CFDFC9002372DE /* Treedo.app */ = {isa = PBXFileReference; explicitFileType = wrapper.application; includeInIndex = 0; path = Treedo.app; sourceTree = BUILT_PRODUCTS_DIR; };
		BE0A776120CFDFC9002372DE /* AppDelegate.swift */ = {isa = PBXFileReference; lastKnownFileType = sourcecode.swift; path = AppDelegate.swift; sourceTree = "<group>"; };
		BE0A776320CFDFC9002372DE /* MessagesViewController.swift */ = {isa = PBXFileReference; lastKnownFileType = sourcecode.swift; path = MessagesViewController.swift; sourceTree = "<group>"; };
		BE0A776620CFDFC9002372DE /* Base */ = {isa = PBXFileReference; lastKnownFileType = file.storyboard; name = Base; path = Base.lproj/Main.storyboard; sourceTree = "<group>"; };
		BE0A776820CFDFCB002372DE /* Assets.xcassets */ = {isa = PBXFileReference; lastKnownFileType = folder.assetcatalog; path = Assets.xcassets; sourceTree = "<group>"; };
		BE0A776B20CFDFCB002372DE /* Base */ = {isa = PBXFileReference; lastKnownFileType = file.storyboard; name = Base; path = Base.lproj/LaunchScreen.storyboard; sourceTree = "<group>"; };
		BE0A776D20CFDFCB002372DE /* Info.plist */ = {isa = PBXFileReference; lastKnownFileType = text.plist.xml; path = Info.plist; sourceTree = "<group>"; };
		BE0A777320D038FD002372DE /* LoginViewController.swift */ = {isa = PBXFileReference; lastKnownFileType = sourcecode.swift; path = LoginViewController.swift; sourceTree = "<group>"; };
		BE22587D20D24C600094AE49 /* GoogleService-Info.plist */ = {isa = PBXFileReference; fileEncoding = 4; lastKnownFileType = text.plist.xml; path = "GoogleService-Info.plist"; sourceTree = "<group>"; };
		BE4FD64A20D6A20F00FF4500 /* NewMessageController.swift */ = {isa = PBXFileReference; lastKnownFileType = sourcecode.swift; path = NewMessageController.swift; sourceTree = "<group>"; };
		BE4FD64C20D6CF4800FF4500 /* User.swift */ = {isa = PBXFileReference; lastKnownFileType = sourcecode.swift; path = User.swift; sourceTree = "<group>"; };
		BE4FD65220D8143B00FF4500 /* Extensions.swift */ = {isa = PBXFileReference; lastKnownFileType = sourcecode.swift; path = Extensions.swift; sourceTree = "<group>"; };
/* End PBXFileReference section */

/* Begin PBXFrameworksBuildPhase section */
		BE0A775B20CFDFC9002372DE /* Frameworks */ = {
			isa = PBXFrameworksBuildPhase;
			buildActionMask = 2147483647;
			files = (
				C717ABAF669ACA081EF67E8B /* Pods_Treedo.framework in Frameworks */,
			);
			runOnlyForDeploymentPostprocessing = 0;
		};
/* End PBXFrameworksBuildPhase section */

/* Begin PBXGroup section */
		00AC758051903E37D9AD2134 /* Pods */ = {
			isa = PBXGroup;
			children = (
				1E61CAECB39984D9A1827F56 /* Pods-Treedo.debug.xcconfig */,
				A04F5E4E55CC443075102075 /* Pods-Treedo.release.xcconfig */,
			);
			name = Pods;
			sourceTree = "<group>";
		};
		753D0D66D1526A2E6286E4CD /* Frameworks */ = {
			isa = PBXGroup;
			children = (
				66E7ABD758109DAC12703951 /* Pods_Treedo.framework */,
			);
			name = Frameworks;
			sourceTree = "<group>";
		};
		BE0A775520CFDFC9002372DE = {
			isa = PBXGroup;
			children = (
				BE0A776020CFDFC9002372DE /* Treedo */,
				BE0A775F20CFDFC9002372DE /* Products */,
				00AC758051903E37D9AD2134 /* Pods */,
				753D0D66D1526A2E6286E4CD /* Frameworks */,
			);
			sourceTree = "<group>";
		};
		BE0A775F20CFDFC9002372DE /* Products */ = {
			isa = PBXGroup;
			children = (
				BE0A775E20CFDFC9002372DE /* Treedo.app */,
			);
			name = Products;
			sourceTree = "<group>";
		};
		BE0A776020CFDFC9002372DE /* Treedo */ = {
			isa = PBXGroup;
			children = (
				BE4FD65120D8142B00FF4500 /* Helpers */,
				BE0A776820CFDFCB002372DE /* Assets.xcassets */,
				BE4FD64920D6549900FF4500 /* Application Delegate */,
				BE0A777620D03A58002372DE /* Supporting Files */,
				BE0A777520D0399B002372DE /* View Controllers */,
				BE4FD64820D6546400FF4500 /* Storyboards */,
				BE4FD64E20D6CF5F00FF4500 /* Models */,
			);
			path = Treedo;
			sourceTree = "<group>";
		};
		BE0A777520D0399B002372DE /* View Controllers */ = {
			isa = PBXGroup;
			children = (
				BE0A777320D038FD002372DE /* LoginViewController.swift */,
				BE0A776320CFDFC9002372DE /* MessagesViewController.swift */,
				BE4FD64A20D6A20F00FF4500 /* NewMessageController.swift */,
			);
			path = "View Controllers";
			sourceTree = "<group>";
		};
		BE0A777620D03A58002372DE /* Supporting Files */ = {
			isa = PBXGroup;
			children = (
				BE22587D20D24C600094AE49 /* GoogleService-Info.plist */,
				BE0A776D20CFDFCB002372DE /* Info.plist */,
			);
			path = "Supporting Files";
			sourceTree = "<group>";
		};
		BE4FD64820D6546400FF4500 /* Storyboards */ = {
			isa = PBXGroup;
			children = (
				BE0A776520CFDFC9002372DE /* Main.storyboard */,
				BE0A776A20CFDFCB002372DE /* LaunchScreen.storyboard */,
			);
			path = Storyboards;
			sourceTree = "<group>";
		};
		BE4FD64920D6549900FF4500 /* Application Delegate */ = {
			isa = PBXGroup;
			children = (
				BE0A776120CFDFC9002372DE /* AppDelegate.swift */,
			);
			path = "Application Delegate";
			sourceTree = "<group>";
		};
		BE4FD64E20D6CF5F00FF4500 /* Models */ = {
			isa = PBXGroup;
			children = (
				BE4FD64C20D6CF4800FF4500 /* User.swift */,
			);
			name = Models;
			path = "New Group";
			sourceTree = "<group>";
		};
		BE4FD65120D8142B00FF4500 /* Helpers */ = {
			isa = PBXGroup;
			children = (
				BE4FD65220D8143B00FF4500 /* Extensions.swift */,
			);
			path = Helpers;
			sourceTree = "<group>";
		};
/* End PBXGroup section */

/* Begin PBXNativeTarget section */
		BE0A775D20CFDFC9002372DE /* Treedo */ = {
			isa = PBXNativeTarget;
			buildConfigurationList = BE0A777020CFDFCB002372DE /* Build configuration list for PBXNativeTarget "Treedo" */;
			buildPhases = (
				CD9067D988A352568B7679F0 /* [CP] Check Pods Manifest.lock */,
				BE0A775A20CFDFC9002372DE /* Sources */,
				BE0A775B20CFDFC9002372DE /* Frameworks */,
				BE0A775C20CFDFC9002372DE /* Resources */,
				CC1E86599690F727AC01069C /* [CP] Embed Pods Frameworks */,
			);
			buildRules = (
			);
			dependencies = (
			);
			name = Treedo;
			productName = Treedo;
			productReference = BE0A775E20CFDFC9002372DE /* Treedo.app */;
			productType = "com.apple.product-type.application";
		};
/* End PBXNativeTarget section */

/* Begin PBXProject section */
		BE0A775620CFDFC9002372DE /* Project object */ = {
			isa = PBXProject;
			attributes = {
				LastSwiftUpdateCheck = 0940;
				LastUpgradeCheck = 0940;
				ORGANIZATIONNAME = "Yuri Istomin";
				TargetAttributes = {
					BE0A775D20CFDFC9002372DE = {
						CreatedOnToolsVersion = 9.4;
					};
				};
			};
			buildConfigurationList = BE0A775920CFDFC9002372DE /* Build configuration list for PBXProject "Treedo" */;
			compatibilityVersion = "Xcode 9.3";
			developmentRegion = en;
			hasScannedForEncodings = 0;
			knownRegions = (
				en,
				Base,
			);
			mainGroup = BE0A775520CFDFC9002372DE;
			productRefGroup = BE0A775F20CFDFC9002372DE /* Products */;
			projectDirPath = "";
			projectRoot = "";
			targets = (
				BE0A775D20CFDFC9002372DE /* Treedo */,
			);
		};
/* End PBXProject section */

/* Begin PBXResourcesBuildPhase section */
		BE0A775C20CFDFC9002372DE /* Resources */ = {
			isa = PBXResourcesBuildPhase;
			buildActionMask = 2147483647;
			files = (
				BE0A776C20CFDFCB002372DE /* LaunchScreen.storyboard in Resources */,
				BE22587E20D24C600094AE49 /* GoogleService-Info.plist in Resources */,
				BE0A776920CFDFCB002372DE /* Assets.xcassets in Resources */,
				BE0A776720CFDFC9002372DE /* Main.storyboard in Resources */,
			);
			runOnlyForDeploymentPostprocessing = 0;
		};
/* End PBXResourcesBuildPhase section */

/* Begin PBXShellScriptBuildPhase section */
		CC1E86599690F727AC01069C /* [CP] Embed Pods Frameworks */ = {
			isa = PBXShellScriptBuildPhase;
			buildActionMask = 2147483647;
			files = (
			);
			inputPaths = (
				"${SRCROOT}/Pods/Target Support Files/Pods-Treedo/Pods-Treedo-frameworks.sh",
				"${BUILT_PRODUCTS_DIR}/GTMSessionFetcher/GTMSessionFetcher.framework",
				"${BUILT_PRODUCTS_DIR}/GoogleToolboxForMac/GoogleToolboxForMac.framework",
				"${BUILT_PRODUCTS_DIR}/leveldb-library/leveldb.framework",
				"${BUILT_PRODUCTS_DIR}/nanopb/nanopb.framework",
			);
			name = "[CP] Embed Pods Frameworks";
			outputPaths = (
				"${TARGET_BUILD_DIR}/${FRAMEWORKS_FOLDER_PATH}/GTMSessionFetcher.framework",
				"${TARGET_BUILD_DIR}/${FRAMEWORKS_FOLDER_PATH}/GoogleToolboxForMac.framework",
				"${TARGET_BUILD_DIR}/${FRAMEWORKS_FOLDER_PATH}/leveldb.framework",
				"${TARGET_BUILD_DIR}/${FRAMEWORKS_FOLDER_PATH}/nanopb.framework",
			);
			runOnlyForDeploymentPostprocessing = 0;
			shellPath = /bin/sh;
			shellScript = "\"${SRCROOT}/Pods/Target Support Files/Pods-Treedo/Pods-Treedo-frameworks.sh\"\n";
			showEnvVarsInLog = 0;
		};
		CD9067D988A352568B7679F0 /* [CP] Check Pods Manifest.lock */ = {
			isa = PBXShellScriptBuildPhase;
			buildActionMask = 2147483647;
			files = (
			);
			inputPaths = (
				"${PODS_PODFILE_DIR_PATH}/Podfile.lock",
				"${PODS_ROOT}/Manifest.lock",
			);
			name = "[CP] Check Pods Manifest.lock";
			outputPaths = (
				"$(DERIVED_FILE_DIR)/Pods-Treedo-checkManifestLockResult.txt",
			);
			runOnlyForDeploymentPostprocessing = 0;
			shellPath = /bin/sh;
			shellScript = "diff \"${PODS_PODFILE_DIR_PATH}/Podfile.lock\" \"${PODS_ROOT}/Manifest.lock\" > /dev/null\nif [ $? != 0 ] ; then\n    # print error to STDERR\n    echo \"error: The sandbox is not in sync with the Podfile.lock. Run 'pod install' or update your CocoaPods installation.\" >&2\n    exit 1\nfi\n# This output is used by Xcode 'outputs' to avoid re-running this script phase.\necho \"SUCCESS\" > \"${SCRIPT_OUTPUT_FILE_0}\"\n";
			showEnvVarsInLog = 0;
		};
/* End PBXShellScriptBuildPhase section */

/* Begin PBXSourcesBuildPhase section */
		BE0A775A20CFDFC9002372DE /* Sources */ = {
			isa = PBXSourcesBuildPhase;
			buildActionMask = 2147483647;
			files = (
				BE4FD64B20D6A20F00FF4500 /* NewMessageController.swift in Sources */,
				BE4FD65320D8143B00FF4500 /* Extensions.swift in Sources */,
				BE0A777420D038FD002372DE /* LoginViewController.swift in Sources */,
				BE0A776420CFDFC9002372DE /* MessagesViewController.swift in Sources */,
				BE4FD64D20D6CF4800FF4500 /* User.swift in Sources */,
				BE0A776220CFDFC9002372DE /* AppDelegate.swift in Sources */,
			);
			runOnlyForDeploymentPostprocessing = 0;
		};
/* End PBXSourcesBuildPhase section */

/* Begin PBXVariantGroup section */
		BE0A776520CFDFC9002372DE /* Main.storyboard */ = {
			isa = PBXVariantGroup;
			children = (
				BE0A776620CFDFC9002372DE /* Base */,
			);
			name = Main.storyboard;
			sourceTree = "<group>";
		};
		BE0A776A20CFDFCB002372DE /* LaunchScreen.storyboard */ = {
			isa = PBXVariantGroup;
			children = (
				BE0A776B20CFDFCB002372DE /* Base */,
			);
			name = LaunchScreen.storyboard;
			sourceTree = "<group>";
		};
/* End PBXVariantGroup section */

/* Begin XCBuildConfiguration section */
		BE0A776E20CFDFCB002372DE /* Debug */ = {
			isa = XCBuildConfiguration;
			buildSettings = {
				ALWAYS_SEARCH_USER_PATHS = NO;
				CLANG_ANALYZER_NONNULL = YES;
				CLANG_ANALYZER_NUMBER_OBJECT_CONVERSION = YES_AGGRESSIVE;
				CLANG_CXX_LANGUAGE_STANDARD = "gnu++14";
				CLANG_CXX_LIBRARY = "libc++";
				CLANG_ENABLE_MODULES = YES;
				CLANG_ENABLE_OBJC_ARC = YES;
				CLANG_ENABLE_OBJC_WEAK = YES;
				CLANG_WARN_BLOCK_CAPTURE_AUTORELEASING = YES;
				CLANG_WARN_BOOL_CONVERSION = YES;
				CLANG_WARN_COMMA = YES;
				CLANG_WARN_CONSTANT_CONVERSION = YES;
				CLANG_WARN_DEPRECATED_OBJC_IMPLEMENTATIONS = YES;
				CLANG_WARN_DIRECT_OBJC_ISA_USAGE = YES_ERROR;
				CLANG_WARN_DOCUMENTATION_COMMENTS = YES;
				CLANG_WARN_EMPTY_BODY = YES;
				CLANG_WARN_ENUM_CONVERSION = YES;
				CLANG_WARN_INFINITE_RECURSION = YES;
				CLANG_WARN_INT_CONVERSION = YES;
				CLANG_WARN_NON_LITERAL_NULL_CONVERSION = YES;
				CLANG_WARN_OBJC_IMPLICIT_RETAIN_SELF = YES;
				CLANG_WARN_OBJC_LITERAL_CONVERSION = YES;
				CLANG_WARN_OBJC_ROOT_CLASS = YES_ERROR;
				CLANG_WARN_RANGE_LOOP_ANALYSIS = YES;
				CLANG_WARN_STRICT_PROTOTYPES = YES;
				CLANG_WARN_SUSPICIOUS_MOVE = YES;
				CLANG_WARN_UNGUARDED_AVAILABILITY = YES_AGGRESSIVE;
				CLANG_WARN_UNREACHABLE_CODE = YES;
				CLANG_WARN__DUPLICATE_METHOD_MATCH = YES;
				CODE_SIGN_IDENTITY = "iPhone Developer";
				COPY_PHASE_STRIP = NO;
				DEBUG_INFORMATION_FORMAT = dwarf;
				ENABLE_STRICT_OBJC_MSGSEND = YES;
				ENABLE_TESTABILITY = YES;
				GCC_C_LANGUAGE_STANDARD = gnu11;
				GCC_DYNAMIC_NO_PIC = NO;
				GCC_NO_COMMON_BLOCKS = YES;
				GCC_OPTIMIZATION_LEVEL = 0;
				GCC_PREPROCESSOR_DEFINITIONS = (
					"DEBUG=1",
					"$(inherited)",
				);
				GCC_WARN_64_TO_32_BIT_CONVERSION = YES;
				GCC_WARN_ABOUT_RETURN_TYPE = YES_ERROR;
				GCC_WARN_UNDECLARED_SELECTOR = YES;
				GCC_WARN_UNINITIALIZED_AUTOS = YES_AGGRESSIVE;
				GCC_WARN_UNUSED_FUNCTION = YES;
				GCC_WARN_UNUSED_VARIABLE = YES;
				IPHONEOS_DEPLOYMENT_TARGET = 11.4;
				MTL_ENABLE_DEBUG_INFO = YES;
				ONLY_ACTIVE_ARCH = YES;
				SDKROOT = iphoneos;
				SWIFT_ACTIVE_COMPILATION_CONDITIONS = DEBUG;
				SWIFT_OPTIMIZATION_LEVEL = "-Onone";
			};
			name = Debug;
		};
		BE0A776F20CFDFCB002372DE /* Release */ = {
			isa = XCBuildConfiguration;
			buildSettings = {
				ALWAYS_SEARCH_USER_PATHS = NO;
				CLANG_ANALYZER_NONNULL = YES;
				CLANG_ANALYZER_NUMBER_OBJECT_CONVERSION = YES_AGGRESSIVE;
				CLANG_CXX_LANGUAGE_STANDARD = "gnu++14";
				CLANG_CXX_LIBRARY = "libc++";
				CLANG_ENABLE_MODULES = YES;
				CLANG_ENABLE_OBJC_ARC = YES;
				CLANG_ENABLE_OBJC_WEAK = YES;
				CLANG_WARN_BLOCK_CAPTURE_AUTORELEASING = YES;
				CLANG_WARN_BOOL_CONVERSION = YES;
				CLANG_WARN_COMMA = YES;
				CLANG_WARN_CONSTANT_CONVERSION = YES;
				CLANG_WARN_DEPRECATED_OBJC_IMPLEMENTATIONS = YES;
				CLANG_WARN_DIRECT_OBJC_ISA_USAGE = YES_ERROR;
				CLANG_WARN_DOCUMENTATION_COMMENTS = YES;
				CLANG_WARN_EMPTY_BODY = YES;
				CLANG_WARN_ENUM_CONVERSION = YES;
				CLANG_WARN_INFINITE_RECURSION = YES;
				CLANG_WARN_INT_CONVERSION = YES;
				CLANG_WARN_NON_LITERAL_NULL_CONVERSION = YES;
				CLANG_WARN_OBJC_IMPLICIT_RETAIN_SELF = YES;
				CLANG_WARN_OBJC_LITERAL_CONVERSION = YES;
				CLANG_WARN_OBJC_ROOT_CLASS = YES_ERROR;
				CLANG_WARN_RANGE_LOOP_ANALYSIS = YES;
				CLANG_WARN_STRICT_PROTOTYPES = YES;
				CLANG_WARN_SUSPICIOUS_MOVE = YES;
				CLANG_WARN_UNGUARDED_AVAILABILITY = YES_AGGRESSIVE;
				CLANG_WARN_UNREACHABLE_CODE = YES;
				CLANG_WARN__DUPLICATE_METHOD_MATCH = YES;
				CODE_SIGN_IDENTITY = "iPhone Developer";
				COPY_PHASE_STRIP = NO;
				DEBUG_INFORMATION_FORMAT = "dwarf-with-dsym";
				ENABLE_NS_ASSERTIONS = NO;
				ENABLE_STRICT_OBJC_MSGSEND = YES;
				GCC_C_LANGUAGE_STANDARD = gnu11;
				GCC_NO_COMMON_BLOCKS = YES;
				GCC_WARN_64_TO_32_BIT_CONVERSION = YES;
				GCC_WARN_ABOUT_RETURN_TYPE = YES_ERROR;
				GCC_WARN_UNDECLARED_SELECTOR = YES;
				GCC_WARN_UNINITIALIZED_AUTOS = YES_AGGRESSIVE;
				GCC_WARN_UNUSED_FUNCTION = YES;
				GCC_WARN_UNUSED_VARIABLE = YES;
				IPHONEOS_DEPLOYMENT_TARGET = 11.4;
				MTL_ENABLE_DEBUG_INFO = NO;
				SDKROOT = iphoneos;
				SWIFT_COMPILATION_MODE = wholemodule;
				SWIFT_OPTIMIZATION_LEVEL = "-O";
				VALIDATE_PRODUCT = YES;
			};
			name = Release;
		};
		BE0A777120CFDFCB002372DE /* Debug */ = {
			isa = XCBuildConfiguration;
			baseConfigurationReference = 1E61CAECB39984D9A1827F56 /* Pods-Treedo.debug.xcconfig */;
			buildSettings = {
				ASSETCATALOG_COMPILER_APPICON_NAME = AppIcon;
				CODE_SIGN_STYLE = Automatic;
				DEVELOPMENT_TEAM = N2HCJ99WYH;
				INFOPLIST_FILE = "$(SRCROOT)/Treedo/Supporting Files/Info.plist";
				IPHONEOS_DEPLOYMENT_TARGET = 10.0;
				LD_RUNPATH_SEARCH_PATHS = (
					"$(inherited)",
					"@executable_path/Frameworks",
				);
				PRODUCT_BUNDLE_IDENTIFIER = com.yuraist.Treedo;
				PRODUCT_NAME = "$(TARGET_NAME)";
				SWIFT_VERSION = 4.0;
				TARGETED_DEVICE_FAMILY = "1,2";
			};
			name = Debug;
		};
		BE0A777220CFDFCB002372DE /* Release */ = {
			isa = XCBuildConfiguration;
			baseConfigurationReference = A04F5E4E55CC443075102075 /* Pods-Treedo.release.xcconfig */;
			buildSettings = {
				ASSETCATALOG_COMPILER_APPICON_NAME = AppIcon;
				CODE_SIGN_STYLE = Automatic;
				DEVELOPMENT_TEAM = N2HCJ99WYH;
				INFOPLIST_FILE = "$(SRCROOT)/Treedo/Supporting Files/Info.plist";
				IPHONEOS_DEPLOYMENT_TARGET = 10.0;
				LD_RUNPATH_SEARCH_PATHS = (
					"$(inherited)",
					"@executable_path/Frameworks",
				);
				PRODUCT_BUNDLE_IDENTIFIER = com.yuraist.Treedo;
				PRODUCT_NAME = "$(TARGET_NAME)";
				SWIFT_VERSION = 4.0;
				TARGETED_DEVICE_FAMILY = "1,2";
			};
			name = Release;
		};
/* End XCBuildConfiguration section */

/* Begin XCConfigurationList section */
		BE0A775920CFDFC9002372DE /* Build configuration list for PBXProject "Treedo" */ = {
			isa = XCConfigurationList;
			buildConfigurations = (
				BE0A776E20CFDFCB002372DE /* Debug */,
				BE0A776F20CFDFCB002372DE /* Release */,
			);
			defaultConfigurationIsVisible = 0;
			defaultConfigurationName = Release;
		};
		BE0A777020CFDFCB002372DE /* Build configuration list for PBXNativeTarget "Treedo" */ = {
			isa = XCConfigurationList;
			buildConfigurations = (
				BE0A777120CFDFCB002372DE /* Debug */,
				BE0A777220CFDFCB002372DE /* Release */,
			);
			defaultConfigurationIsVisible = 0;
			defaultConfigurationName = Release;
		};
/* End XCConfigurationList section */
	};
	rootObject = BE0A775620CFDFC9002372DE /* Project object */;
}
